// !$*UTF8*$!
{
	archiveVersion = 1;
	classes = {
	};
	objectVersion = 50;
	objects = {

/* Begin PBXBuildFile section */
		C182AE2522CAD2DD002F46EC /* AddTodoView.swift in Sources */ = {isa = PBXBuildFile; fileRef = C182AE2422CAD2DD002F46EC /* AddTodoView.swift */; };
		C182AE2B22CB7F07002F46EC /* TodoRepresentable.swift in Sources */ = {isa = PBXBuildFile; fileRef = C182AE2A22CB7F07002F46EC /* TodoRepresentable.swift */; };
		C182AE2D22CB7F9F002F46EC /* PreviewData.swift in Sources */ = {isa = PBXBuildFile; fileRef = C182AE2C22CB7F9F002F46EC /* PreviewData.swift */; };
		C182AE3022CB8198002F46EC /* TodoListItemView.swift in Sources */ = {isa = PBXBuildFile; fileRef = C182AE2F22CB8198002F46EC /* TodoListItemView.swift */; };
		C1E5045F22CABA2F006E09A9 /* AppDelegate.swift in Sources */ = {isa = PBXBuildFile; fileRef = C1E5045E22CABA2F006E09A9 /* AppDelegate.swift */; };
		C1E5046122CABA2F006E09A9 /* SceneDelegate.swift in Sources */ = {isa = PBXBuildFile; fileRef = C1E5046022CABA2F006E09A9 /* SceneDelegate.swift */; };
		C1E5046322CABA2F006E09A9 /* TodoListView.swift in Sources */ = {isa = PBXBuildFile; fileRef = C1E5046222CABA2F006E09A9 /* TodoListView.swift */; };
		C1E5046522CABA32006E09A9 /* Assets.xcassets in Resources */ = {isa = PBXBuildFile; fileRef = C1E5046422CABA32006E09A9 /* Assets.xcassets */; };
		C1E5046822CABA32006E09A9 /* Preview Assets.xcassets in Resources */ = {isa = PBXBuildFile; fileRef = C1E5046722CABA32006E09A9 /* Preview Assets.xcassets */; };
		C1E5046B22CABA32006E09A9 /* LaunchScreen.storyboard in Resources */ = {isa = PBXBuildFile; fileRef = C1E5046922CABA32006E09A9 /* LaunchScreen.storyboard */; };
		C1E5047322CABA51006E09A9 /* AppStore.swift in Sources */ = {isa = PBXBuildFile; fileRef = C1E5047222CABA51006E09A9 /* AppStore.swift */; };
		C1E5047522CABA99006E09A9 /* Todo.swift in Sources */ = {isa = PBXBuildFile; fileRef = C1E5047422CABA99006E09A9 /* Todo.swift */; };
		C1E5047722CABAB8006E09A9 /* TodoViewModel.swift in Sources */ = {isa = PBXBuildFile; fileRef = C1E5047622CABAB8006E09A9 /* TodoViewModel.swift */; };
		C1E5047922CABB37006E09A9 /* TodoDTO.swift in Sources */ = {isa = PBXBuildFile; fileRef = C1E5047822CABB37006E09A9 /* TodoDTO.swift */; };
/* End PBXBuildFile section */

/* Begin PBXFileReference section */
		C182AE2422CAD2DD002F46EC /* AddTodoView.swift */ = {isa = PBXFileReference; lastKnownFileType = sourcecode.swift; path = AddTodoView.swift; sourceTree = "<group>"; };
		C182AE2A22CB7F07002F46EC /* TodoRepresentable.swift */ = {isa = PBXFileReference; lastKnownFileType = sourcecode.swift; path = TodoRepresentable.swift; sourceTree = "<group>"; };
		C182AE2C22CB7F9F002F46EC /* PreviewData.swift */ = {isa = PBXFileReference; lastKnownFileType = sourcecode.swift; path = PreviewData.swift; sourceTree = "<group>"; };
		C182AE2F22CB8198002F46EC /* TodoListItemView.swift */ = {isa = PBXFileReference; lastKnownFileType = sourcecode.swift; path = TodoListItemView.swift; sourceTree = "<group>"; };
		C1E5045B22CABA2F006E09A9 /* TestSwiftUI.app */ = {isa = PBXFileReference; explicitFileType = wrapper.application; includeInIndex = 0; path = TestSwiftUI.app; sourceTree = BUILT_PRODUCTS_DIR; };
		C1E5045E22CABA2F006E09A9 /* AppDelegate.swift */ = {isa = PBXFileReference; lastKnownFileType = sourcecode.swift; path = AppDelegate.swift; sourceTree = "<group>"; };
		C1E5046022CABA2F006E09A9 /* SceneDelegate.swift */ = {isa = PBXFileReference; lastKnownFileType = sourcecode.swift; path = SceneDelegate.swift; sourceTree = "<group>"; };
		C1E5046222CABA2F006E09A9 /* TodoListView.swift */ = {isa = PBXFileReference; lastKnownFileType = sourcecode.swift; path = TodoListView.swift; sourceTree = "<group>"; };
		C1E5046422CABA32006E09A9 /* Assets.xcassets */ = {isa = PBXFileReference; lastKnownFileType = folder.assetcatalog; path = Assets.xcassets; sourceTree = "<group>"; };
		C1E5046722CABA32006E09A9 /* Preview Assets.xcassets */ = {isa = PBXFileReference; lastKnownFileType = folder.assetcatalog; path = "Preview Assets.xcassets"; sourceTree = "<group>"; };
		C1E5046A22CABA32006E09A9 /* Base */ = {isa = PBXFileReference; lastKnownFileType = file.storyboard; name = Base; path = Base.lproj/LaunchScreen.storyboard; sourceTree = "<group>"; };
		C1E5046C22CABA32006E09A9 /* Info.plist */ = {isa = PBXFileReference; lastKnownFileType = text.plist.xml; path = Info.plist; sourceTree = "<group>"; };
		C1E5047222CABA51006E09A9 /* AppStore.swift */ = {isa = PBXFileReference; lastKnownFileType = sourcecode.swift; path = AppStore.swift; sourceTree = "<group>"; };
		C1E5047422CABA99006E09A9 /* Todo.swift */ = {isa = PBXFileReference; lastKnownFileType = sourcecode.swift; path = Todo.swift; sourceTree = "<group>"; };
		C1E5047622CABAB8006E09A9 /* TodoViewModel.swift */ = {isa = PBXFileReference; lastKnownFileType = sourcecode.swift; path = TodoViewModel.swift; sourceTree = "<group>"; };
		C1E5047822CABB37006E09A9 /* TodoDTO.swift */ = {isa = PBXFileReference; lastKnownFileType = sourcecode.swift; path = TodoDTO.swift; sourceTree = "<group>"; };
/* End PBXFileReference section */

/* Begin PBXFrameworksBuildPhase section */
		C1E5045822CABA2F006E09A9 /* Frameworks */ = {
			isa = PBXFrameworksBuildPhase;
			buildActionMask = 2147483647;
			files = (
			);
			runOnlyForDeploymentPostprocessing = 0;
		};
/* End PBXFrameworksBuildPhase section */

/* Begin PBXGroup section */
		C182AE2622CB7EDB002F46EC /* Views */ = {
			isa = PBXGroup;
			children = (
				C1E5046222CABA2F006E09A9 /* TodoListView.swift */,
				C182AE2F22CB8198002F46EC /* TodoListItemView.swift */,
				C182AE2422CAD2DD002F46EC /* AddTodoView.swift */,
			);
			path = Views;
			sourceTree = "<group>";
		};
		C182AE2722CB7EE4002F46EC /* Stores */ = {
			isa = PBXGroup;
			children = (
				C1E5047222CABA51006E09A9 /* AppStore.swift */,
			);
			path = Stores;
			sourceTree = "<group>";
		};
		C182AE2822CB7EEA002F46EC /* View Models */ = {
			isa = PBXGroup;
			children = (
				C1E5047622CABAB8006E09A9 /* TodoViewModel.swift */,
			);
			path = "View Models";
			sourceTree = "<group>";
		};
		C182AE2922CB7EF3002F46EC /* Models */ = {
			isa = PBXGroup;
			children = (
				C182AE2A22CB7F07002F46EC /* TodoRepresentable.swift */,
				C1E5047422CABA99006E09A9 /* Todo.swift */,
			);
			path = Models;
			sourceTree = "<group>";
		};
		C182AE2E22CB804B002F46EC /* DTO */ = {
			isa = PBXGroup;
			children = (
				C1E5047822CABB37006E09A9 /* TodoDTO.swift */,
			);
			path = DTO;
			sourceTree = "<group>";
		};
		C1E5045222CABA2F006E09A9 = {
			isa = PBXGroup;
			children = (
				C1E5045D22CABA2F006E09A9 /* TestSwiftUI */,
				C1E5045C22CABA2F006E09A9 /* Products */,
			);
			sourceTree = "<group>";
		};
		C1E5045C22CABA2F006E09A9 /* Products */ = {
			isa = PBXGroup;
			children = (
				C1E5045B22CABA2F006E09A9 /* TestSwiftUI.app */,
			);
			name = Products;
			sourceTree = "<group>";
		};
		C1E5045D22CABA2F006E09A9 /* TestSwiftUI */ = {
			isa = PBXGroup;
			children = (
				C1E5045E22CABA2F006E09A9 /* AppDelegate.swift */,
				C1E5046022CABA2F006E09A9 /* SceneDelegate.swift */,
				C182AE2922CB7EF3002F46EC /* Models */,
				C182AE2E22CB804B002F46EC /* DTO */,
				C182AE2822CB7EEA002F46EC /* View Models */,
				C182AE2722CB7EE4002F46EC /* Stores */,
				C182AE2622CB7EDB002F46EC /* Views */,
				C1E5046422CABA32006E09A9 /* Assets.xcassets */,
				C1E5046922CABA32006E09A9 /* LaunchScreen.storyboard */,
				C1E5046C22CABA32006E09A9 /* Info.plist */,
				C1E5046622CABA32006E09A9 /* Preview Content */,
			);
			path = TestSwiftUI;
			sourceTree = "<group>";
		};
		C1E5046622CABA32006E09A9 /* Preview Content */ = {
			isa = PBXGroup;
			children = (
				C1E5046722CABA32006E09A9 /* Preview Assets.xcassets */,
				C182AE2C22CB7F9F002F46EC /* PreviewData.swift */,
			);
			path = "Preview Content";
			sourceTree = "<group>";
		};
/* End PBXGroup section */

/* Begin PBXNativeTarget section */
		C1E5045A22CABA2F006E09A9 /* TestSwiftUI */ = {
			isa = PBXNativeTarget;
			buildConfigurationList = C1E5046F22CABA32006E09A9 /* Build configuration list for PBXNativeTarget "TestSwiftUI" */;
			buildPhases = (
				C1E5045722CABA2F006E09A9 /* Sources */,
				C1E5045822CABA2F006E09A9 /* Frameworks */,
				C1E5045922CABA2F006E09A9 /* Resources */,
			);
			buildRules = (
			);
			dependencies = (
			);
			name = TestSwiftUI;
			productName = TestSwiftUI;
			productReference = C1E5045B22CABA2F006E09A9 /* TestSwiftUI.app */;
			productType = "com.apple.product-type.application";
		};
/* End PBXNativeTarget section */

/* Begin PBXProject section */
		C1E5045322CABA2F006E09A9 /* Project object */ = {
			isa = PBXProject;
			attributes = {
				LastSwiftUpdateCheck = 1100;
				LastUpgradeCheck = 1100;
				ORGANIZATIONNAME = Downey;
				TargetAttributes = {
					C1E5045A22CABA2F006E09A9 = {
						CreatedOnToolsVersion = 11.0;
					};
				};
			};
			buildConfigurationList = C1E5045622CABA2F006E09A9 /* Build configuration list for PBXProject "TestSwiftUI" */;
			compatibilityVersion = "Xcode 9.3";
			developmentRegion = en;
			hasScannedForEncodings = 0;
			knownRegions = (
				en,
				Base,
			);
			mainGroup = C1E5045222CABA2F006E09A9;
			productRefGroup = C1E5045C22CABA2F006E09A9 /* Products */;
			projectDirPath = "";
			projectRoot = "";
			targets = (
				C1E5045A22CABA2F006E09A9 /* TestSwiftUI */,
			);
		};
/* End PBXProject section */

/* Begin PBXResourcesBuildPhase section */
		C1E5045922CABA2F006E09A9 /* Resources */ = {
			isa = PBXResourcesBuildPhase;
			buildActionMask = 2147483647;
			files = (
				C1E5046B22CABA32006E09A9 /* LaunchScreen.storyboard in Resources */,
				C1E5046822CABA32006E09A9 /* Preview Assets.xcassets in Resources */,
				C1E5046522CABA32006E09A9 /* Assets.xcassets in Resources */,
			);
			runOnlyForDeploymentPostprocessing = 0;
		};
/* End PBXResourcesBuildPhase section */

/* Begin PBXSourcesBuildPhase section */
		C1E5045722CABA2F006E09A9 /* Sources */ = {
			isa = PBXSourcesBuildPhase;
			buildActionMask = 2147483647;
			files = (
				C182AE3022CB8198002F46EC /* TodoListItemView.swift in Sources */,
				C182AE2D22CB7F9F002F46EC /* PreviewData.swift in Sources */,
				C1E5047722CABAB8006E09A9 /* TodoViewModel.swift in Sources */,
				C1E5045F22CABA2F006E09A9 /* AppDelegate.swift in Sources */,
				C1E5047922CABB37006E09A9 /* TodoDTO.swift in Sources */,
				C1E5046122CABA2F006E09A9 /* SceneDelegate.swift in Sources */,
				C1E5046322CABA2F006E09A9 /* TodoListView.swift in Sources */,
				C1E5047322CABA51006E09A9 /* AppStore.swift in Sources */,
				C182AE2522CAD2DD002F46EC /* AddTodoView.swift in Sources */,
				C182AE2B22CB7F07002F46EC /* TodoRepresentable.swift in Sources */,
				C1E5047522CABA99006E09A9 /* Todo.swift in Sources */,
			);
			runOnlyForDeploymentPostprocessing = 0;
		};
/* End PBXSourcesBuildPhase section */

/* Begin PBXVariantGroup section */
		C1E5046922CABA32006E09A9 /* LaunchScreen.storyboard */ = {
			isa = PBXVariantGroup;
			children = (
				C1E5046A22CABA32006E09A9 /* Base */,
			);
			name = LaunchScreen.storyboard;
			sourceTree = "<group>";
		};
/* End PBXVariantGroup section */

/* Begin XCBuildConfiguration section */
		C1E5046D22CABA32006E09A9 /* Debug */ = {
			isa = XCBuildConfiguration;
			buildSettings = {
				ALWAYS_SEARCH_USER_PATHS = NO;
				CLANG_ANALYZER_NONNULL = YES;
				CLANG_ANALYZER_NUMBER_OBJECT_CONVERSION = YES_AGGRESSIVE;
				CLANG_CXX_LANGUAGE_STANDARD = "gnu++14";
				CLANG_CXX_LIBRARY = "libc++";
				CLANG_ENABLE_MODULES = YES;
				CLANG_ENABLE_OBJC_ARC = YES;
				CLANG_ENABLE_OBJC_WEAK = YES;
				CLANG_WARN_BLOCK_CAPTURE_AUTORELEASING = YES;
				CLANG_WARN_BOOL_CONVERSION = YES;
				CLANG_WARN_COMMA = YES;
				CLANG_WARN_CONSTANT_CONVERSION = YES;
				CLANG_WARN_DEPRECATED_OBJC_IMPLEMENTATIONS = YES;
				CLANG_WARN_DIRECT_OBJC_ISA_USAGE = YES_ERROR;
				CLANG_WARN_DOCUMENTATION_COMMENTS = YES;
				CLANG_WARN_EMPTY_BODY = YES;
				CLANG_WARN_ENUM_CONVERSION = YES;
				CLANG_WARN_INFINITE_RECURSION = YES;
				CLANG_WARN_INT_CONVERSION = YES;
				CLANG_WARN_NON_LITERAL_NULL_CONVERSION = YES;
				CLANG_WARN_OBJC_IMPLICIT_RETAIN_SELF = YES;
				CLANG_WARN_OBJC_LITERAL_CONVERSION = YES;
				CLANG_WARN_OBJC_ROOT_CLASS = YES_ERROR;
				CLANG_WARN_RANGE_LOOP_ANALYSIS = YES;
				CLANG_WARN_STRICT_PROTOTYPES = YES;
				CLANG_WARN_SUSPICIOUS_MOVE = YES;
				CLANG_WARN_UNGUARDED_AVAILABILITY = YES_AGGRESSIVE;
				CLANG_WARN_UNREACHABLE_CODE = YES;
				CLANG_WARN__DUPLICATE_METHOD_MATCH = YES;
				COPY_PHASE_STRIP = NO;
				DEBUG_INFORMATION_FORMAT = dwarf;
				ENABLE_STRICT_OBJC_MSGSEND = YES;
				ENABLE_TESTABILITY = YES;
				GCC_C_LANGUAGE_STANDARD = gnu11;
				GCC_DYNAMIC_NO_PIC = NO;
				GCC_NO_COMMON_BLOCKS = YES;
				GCC_OPTIMIZATION_LEVEL = 0;
				GCC_PREPROCESSOR_DEFINITIONS = (
					"DEBUG=1",
					"$(inherited)",
				);
				GCC_WARN_64_TO_32_BIT_CONVERSION = YES;
				GCC_WARN_ABOUT_RETURN_TYPE = YES_ERROR;
				GCC_WARN_UNDECLARED_SELECTOR = YES;
				GCC_WARN_UNINITIALIZED_AUTOS = YES_AGGRESSIVE;
				GCC_WARN_UNUSED_FUNCTION = YES;
				GCC_WARN_UNUSED_VARIABLE = YES;
				IPHONEOS_DEPLOYMENT_TARGET = 13.0;
				MTL_ENABLE_DEBUG_INFO = INCLUDE_SOURCE;
				MTL_FAST_MATH = YES;
				ONLY_ACTIVE_ARCH = YES;
				SDKROOT = iphoneos;
				SWIFT_ACTIVE_COMPILATION_CONDITIONS = DEBUG;
				SWIFT_OPTIMIZATION_LEVEL = "-Onone";
			};
			name = Debug;
		};
		C1E5046E22CABA32006E09A9 /* Release */ = {
			isa = XCBuildConfiguration;
			buildSettings = {
				ALWAYS_SEARCH_USER_PATHS = NO;
				CLANG_ANALYZER_NONNULL = YES;
				CLANG_ANALYZER_NUMBER_OBJECT_CONVERSION = YES_AGGRESSIVE;
				CLANG_CXX_LANGUAGE_STANDARD = "gnu++14";
				CLANG_CXX_LIBRARY = "libc++";
				CLANG_ENABLE_MODULES = YES;
				CLANG_ENABLE_OBJC_ARC = YES;
				CLANG_ENABLE_OBJC_WEAK = YES;
				CLANG_WARN_BLOCK_CAPTURE_AUTORELEASING = YES;
				CLANG_WARN_BOOL_CONVERSION = YES;
				CLANG_WARN_COMMA = YES;
				CLANG_WARN_CONSTANT_CONVERSION = YES;
				CLANG_WARN_DEPRECATED_OBJC_IMPLEMENTATIONS = YES;
				CLANG_WARN_DIRECT_OBJC_ISA_USAGE = YES_ERROR;
				CLANG_WARN_DOCUMENTATION_COMMENTS = YES;
				CLANG_WARN_EMPTY_BODY = YES;
				CLANG_WARN_ENUM_CONVERSION = YES;
				CLANG_WARN_INFINITE_RECURSION = YES;
				CLANG_WARN_INT_CONVERSION = YES;
				CLANG_WARN_NON_LITERAL_NULL_CONVERSION = YES;
				CLANG_WARN_OBJC_IMPLICIT_RETAIN_SELF = YES;
				CLANG_WARN_OBJC_LITERAL_CONVERSION = YES;
				CLANG_WARN_OBJC_ROOT_CLASS = YES_ERROR;
				CLANG_WARN_RANGE_LOOP_ANALYSIS = YES;
				CLANG_WARN_STRICT_PROTOTYPES = YES;
				CLANG_WARN_SUSPICIOUS_MOVE = YES;
				CLANG_WARN_UNGUARDED_AVAILABILITY = YES_AGGRESSIVE;
				CLANG_WARN_UNREACHABLE_CODE = YES;
				CLANG_WARN__DUPLICATE_METHOD_MATCH = YES;
				COPY_PHASE_STRIP = NO;
				DEBUG_INFORMATION_FORMAT = "dwarf-with-dsym";
				ENABLE_NS_ASSERTIONS = NO;
				ENABLE_STRICT_OBJC_MSGSEND = YES;
				GCC_C_LANGUAGE_STANDARD = gnu11;
				GCC_NO_COMMON_BLOCKS = YES;
				GCC_WARN_64_TO_32_BIT_CONVERSION = YES;
				GCC_WARN_ABOUT_RETURN_TYPE = YES_ERROR;
				GCC_WARN_UNDECLARED_SELECTOR = YES;
				GCC_WARN_UNINITIALIZED_AUTOS = YES_AGGRESSIVE;
				GCC_WARN_UNUSED_FUNCTION = YES;
				GCC_WARN_UNUSED_VARIABLE = YES;
				IPHONEOS_DEPLOYMENT_TARGET = 13.0;
				MTL_ENABLE_DEBUG_INFO = NO;
				MTL_FAST_MATH = YES;
				SDKROOT = iphoneos;
				SWIFT_COMPILATION_MODE = wholemodule;
				SWIFT_OPTIMIZATION_LEVEL = "-O";
				VALIDATE_PRODUCT = YES;
			};
			name = Release;
		};
		C1E5047022CABA32006E09A9 /* Debug */ = {
			isa = XCBuildConfiguration;
			buildSettings = {
				ASSETCATALOG_COMPILER_APPICON_NAME = AppIcon;
				CODE_SIGN_STYLE = Automatic;
				DEVELOPMENT_ASSET_PATHS = "TestSwiftUI/Preview\\ Content/PreviewData.swift TestSwiftUI/Preview\\ Content";
				ENABLE_PREVIEWS = YES;
				INFOPLIST_FILE = TestSwiftUI/Info.plist;
				LD_RUNPATH_SEARCH_PATHS = (
					"$(inherited)",
					"@executable_path/Frameworks",
				);
				PRODUCT_BUNDLE_IDENTIFIER = com.downey.TestSwiftUI;
				PRODUCT_NAME = "$(TARGET_NAME)";
				SWIFT_VERSION = 5.0;
				TARGETED_DEVICE_FAMILY = "1,2";
			};
			name = Debug;
		};
		C1E5047122CABA32006E09A9 /* Release */ = {
			isa = XCBuildConfiguration;
			buildSettings = {
				ASSETCATALOG_COMPILER_APPICON_NAME = AppIcon;
				CODE_SIGN_STYLE = Automatic;
				DEVELOPMENT_ASSET_PATHS = "TestSwiftUI/Preview\\ Content/PreviewData.swift TestSwiftUI/Preview\\ Content";
				ENABLE_PREVIEWS = YES;
				INFOPLIST_FILE = TestSwiftUI/Info.plist;
				LD_RUNPATH_SEARCH_PATHS = (
					"$(inherited)",
					"@executable_path/Frameworks",
				);
				PRODUCT_BUNDLE_IDENTIFIER = com.downey.TestSwiftUI;
				PRODUCT_NAME = "$(TARGET_NAME)";
				SWIFT_VERSION = 5.0;
				TARGETED_DEVICE_FAMILY = "1,2";
			};
			name = Release;
		};
/* End XCBuildConfiguration section */

/* Begin XCConfigurationList section */
		C1E5045622CABA2F006E09A9 /* Build configuration list for PBXProject "TestSwiftUI" */ = {
			isa = XCConfigurationList;
			buildConfigurations = (
				C1E5046D22CABA32006E09A9 /* Debug */,
				C1E5046E22CABA32006E09A9 /* Release */,
			);
			defaultConfigurationIsVisible = 0;
			defaultConfigurationName = Release;
		};
		C1E5046F22CABA32006E09A9 /* Build configuration list for PBXNativeTarget "TestSwiftUI" */ = {
			isa = XCConfigurationList;
			buildConfigurations = (
				C1E5047022CABA32006E09A9 /* Debug */,
				C1E5047122CABA32006E09A9 /* Release */,
			);
			defaultConfigurationIsVisible = 0;
			defaultConfigurationName = Release;
		};
/* End XCConfigurationList section */
	};
	rootObject = C1E5045322CABA2F006E09A9 /* Project object */;
}
